// !$*UTF8*$!
{
	archiveVersion = 1;
	classes = {
	};
	objectVersion = 56;
	objects = {

/* Begin PBXBuildFile section */
		285A4B3F2C3380FB0087706B /* ImageBackgroundView.swift in Sources */ = {isa = PBXBuildFile; fileRef = 285A4B3E2C3380FB0087706B /* ImageBackgroundView.swift */; };
		285A4B412C38A4160087706B /* ToolbarView.swift in Sources */ = {isa = PBXBuildFile; fileRef = 285A4B402C38A4160087706B /* ToolbarView.swift */; };
		285A4B432C38B6670087706B /* ButtonLDView.swift in Sources */ = {isa = PBXBuildFile; fileRef = 285A4B422C38B6670087706B /* ButtonLDView.swift */; };
		80A7F8292C2CDA5F00EBBD27 /* Marca.swift in Sources */ = {isa = PBXBuildFile; fileRef = 80A7F8282C2CDA5F00EBBD27 /* Marca.swift */; };
		80A7F82B2C2CDAB200EBBD27 /* Modelo.swift in Sources */ = {isa = PBXBuildFile; fileRef = 80A7F82A2C2CDAB200EBBD27 /* Modelo.swift */; };
		80A7F82D2C2CDB0B00EBBD27 /* MarcaViewModel.swift in Sources */ = {isa = PBXBuildFile; fileRef = 80A7F82C2C2CDB0B00EBBD27 /* MarcaViewModel.swift */; };
		80A7F8302C2CDC3500EBBD27 /* ModelosViewModel.swift in Sources */ = {isa = PBXBuildFile; fileRef = 80A7F82F2C2CDC3500EBBD27 /* ModelosViewModel.swift */; };
		80A7F8332C2CE0CD00EBBD27 /* OpenView.swift in Sources */ = {isa = PBXBuildFile; fileRef = 80A7F8322C2CE0CD00EBBD27 /* OpenView.swift */; };
		80A7F8352C2CE1DA00EBBD27 /* MarcasView.swift in Sources */ = {isa = PBXBuildFile; fileRef = 80A7F8342C2CE1DA00EBBD27 /* MarcasView.swift */; };
		80A7F8372C2E0AF000EBBD27 /* ModelosView.swift in Sources */ = {isa = PBXBuildFile; fileRef = 80A7F8362C2E0AF000EBBD27 /* ModelosView.swift */; };
		80D10E2E2C2B7E9700F916EE /* irede_projeto1App.swift in Sources */ = {isa = PBXBuildFile; fileRef = 80D10E2D2C2B7E9700F916EE /* irede_projeto1App.swift */; };
		80D10E322C2B7E9800F916EE /* Assets.xcassets in Resources */ = {isa = PBXBuildFile; fileRef = 80D10E312C2B7E9800F916EE /* Assets.xcassets */; };
		80D10E352C2B7E9800F916EE /* Preview Assets.xcassets in Resources */ = {isa = PBXBuildFile; fileRef = 80D10E342C2B7E9800F916EE /* Preview Assets.xcassets */; };
		80D10E3F2C2B7E9900F916EE /* irede_projeto1Tests.swift in Sources */ = {isa = PBXBuildFile; fileRef = 80D10E3E2C2B7E9900F916EE /* irede_projeto1Tests.swift */; };
		80D10E492C2B7E9900F916EE /* irede_projeto1UITests.swift in Sources */ = {isa = PBXBuildFile; fileRef = 80D10E482C2B7E9900F916EE /* irede_projeto1UITests.swift */; };
		80D10E4B2C2B7E9900F916EE /* irede_projeto1UITestsLaunchTests.swift in Sources */ = {isa = PBXBuildFile; fileRef = 80D10E4A2C2B7E9900F916EE /* irede_projeto1UITestsLaunchTests.swift */; };
/* End PBXBuildFile section */

/* Begin PBXContainerItemProxy section */
		80D10E3B2C2B7E9900F916EE /* PBXContainerItemProxy */ = {
			isa = PBXContainerItemProxy;
			containerPortal = 80D10E222C2B7E9700F916EE /* Project object */;
			proxyType = 1;
			remoteGlobalIDString = 80D10E292C2B7E9700F916EE;
			remoteInfo = "irede-projeto1";
		};
		80D10E452C2B7E9900F916EE /* PBXContainerItemProxy */ = {
			isa = PBXContainerItemProxy;
			containerPortal = 80D10E222C2B7E9700F916EE /* Project object */;
			proxyType = 1;
			remoteGlobalIDString = 80D10E292C2B7E9700F916EE;
			remoteInfo = "irede-projeto1";
		};
/* End PBXContainerItemProxy section */

/* Begin PBXFileReference section */
		285A4B3E2C3380FB0087706B /* ImageBackgroundView.swift */ = {isa = PBXFileReference; lastKnownFileType = sourcecode.swift; path = ImageBackgroundView.swift; sourceTree = "<group>"; };
		285A4B402C38A4160087706B /* ToolbarView.swift */ = {isa = PBXFileReference; lastKnownFileType = sourcecode.swift; path = ToolbarView.swift; sourceTree = "<group>"; };
		285A4B422C38B6670087706B /* ButtonLDView.swift */ = {isa = PBXFileReference; lastKnownFileType = sourcecode.swift; path = ButtonLDView.swift; sourceTree = "<group>"; };
		80A7F8282C2CDA5F00EBBD27 /* Marca.swift */ = {isa = PBXFileReference; lastKnownFileType = sourcecode.swift; path = Marca.swift; sourceTree = "<group>"; };
		80A7F82A2C2CDAB200EBBD27 /* Modelo.swift */ = {isa = PBXFileReference; lastKnownFileType = sourcecode.swift; path = Modelo.swift; sourceTree = "<group>"; };
		80A7F82C2C2CDB0B00EBBD27 /* MarcaViewModel.swift */ = {isa = PBXFileReference; lastKnownFileType = sourcecode.swift; path = MarcaViewModel.swift; sourceTree = "<group>"; };
		80A7F82F2C2CDC3500EBBD27 /* ModelosViewModel.swift */ = {isa = PBXFileReference; lastKnownFileType = sourcecode.swift; path = ModelosViewModel.swift; sourceTree = "<group>"; };
		80A7F8322C2CE0CD00EBBD27 /* OpenView.swift */ = {isa = PBXFileReference; lastKnownFileType = sourcecode.swift; path = OpenView.swift; sourceTree = "<group>"; };
		80A7F8342C2CE1DA00EBBD27 /* MarcasView.swift */ = {isa = PBXFileReference; lastKnownFileType = sourcecode.swift; path = MarcasView.swift; sourceTree = "<group>"; };
		80A7F8362C2E0AF000EBBD27 /* ModelosView.swift */ = {isa = PBXFileReference; lastKnownFileType = sourcecode.swift; path = ModelosView.swift; sourceTree = "<group>"; };
		80D10E2A2C2B7E9700F916EE /* irede-projeto1.app */ = {isa = PBXFileReference; explicitFileType = wrapper.application; includeInIndex = 0; path = "irede-projeto1.app"; sourceTree = BUILT_PRODUCTS_DIR; };
		80D10E2D2C2B7E9700F916EE /* irede_projeto1App.swift */ = {isa = PBXFileReference; lastKnownFileType = sourcecode.swift; path = irede_projeto1App.swift; sourceTree = "<group>"; };
		80D10E312C2B7E9800F916EE /* Assets.xcassets */ = {isa = PBXFileReference; lastKnownFileType = folder.assetcatalog; path = Assets.xcassets; sourceTree = "<group>"; };
		80D10E342C2B7E9800F916EE /* Preview Assets.xcassets */ = {isa = PBXFileReference; lastKnownFileType = folder.assetcatalog; path = "Preview Assets.xcassets"; sourceTree = "<group>"; };
		80D10E3A2C2B7E9900F916EE /* irede-projeto1Tests.xctest */ = {isa = PBXFileReference; explicitFileType = wrapper.cfbundle; includeInIndex = 0; path = "irede-projeto1Tests.xctest"; sourceTree = BUILT_PRODUCTS_DIR; };
		80D10E3E2C2B7E9900F916EE /* irede_projeto1Tests.swift */ = {isa = PBXFileReference; lastKnownFileType = sourcecode.swift; path = irede_projeto1Tests.swift; sourceTree = "<group>"; };
		80D10E442C2B7E9900F916EE /* irede-projeto1UITests.xctest */ = {isa = PBXFileReference; explicitFileType = wrapper.cfbundle; includeInIndex = 0; path = "irede-projeto1UITests.xctest"; sourceTree = BUILT_PRODUCTS_DIR; };
		80D10E482C2B7E9900F916EE /* irede_projeto1UITests.swift */ = {isa = PBXFileReference; lastKnownFileType = sourcecode.swift; path = irede_projeto1UITests.swift; sourceTree = "<group>"; };
		80D10E4A2C2B7E9900F916EE /* irede_projeto1UITestsLaunchTests.swift */ = {isa = PBXFileReference; lastKnownFileType = sourcecode.swift; path = irede_projeto1UITestsLaunchTests.swift; sourceTree = "<group>"; };
/* End PBXFileReference section */

/* Begin PBXFrameworksBuildPhase section */
		80D10E272C2B7E9700F916EE /* Frameworks */ = {
			isa = PBXFrameworksBuildPhase;
			buildActionMask = 2147483647;
			files = (
			);
			runOnlyForDeploymentPostprocessing = 0;
		};
		80D10E372C2B7E9900F916EE /* Frameworks */ = {
			isa = PBXFrameworksBuildPhase;
			buildActionMask = 2147483647;
			files = (
			);
			runOnlyForDeploymentPostprocessing = 0;
		};
		80D10E412C2B7E9900F916EE /* Frameworks */ = {
			isa = PBXFrameworksBuildPhase;
			buildActionMask = 2147483647;
			files = (
			);
			runOnlyForDeploymentPostprocessing = 0;
		};
/* End PBXFrameworksBuildPhase section */

/* Begin PBXGroup section */
		285A4B3D2C3380C40087706B /* Comp */ = {
			isa = PBXGroup;
			children = (
				285A4B402C38A4160087706B /* ToolbarView.swift */,
				285A4B422C38B6670087706B /* ButtonLDView.swift */,
				285A4B3E2C3380FB0087706B /* ImageBackgroundView.swift */,
			);
			path = Comp;
			sourceTree = "<group>";
		};
		80A7F8252C2CD9EE00EBBD27 /* View */ = {
			isa = PBXGroup;
			children = (
				285A4B3D2C3380C40087706B /* Comp */,
				80A7F8342C2CE1DA00EBBD27 /* MarcasView.swift */,
				80A7F8362C2E0AF000EBBD27 /* ModelosView.swift */,
			);
			path = View;
			sourceTree = "<group>";
		};
		80A7F8262C2CDA0D00EBBD27 /* ViewModels */ = {
			isa = PBXGroup;
			children = (
				80A7F82C2C2CDB0B00EBBD27 /* MarcaViewModel.swift */,
				80A7F82F2C2CDC3500EBBD27 /* ModelosViewModel.swift */,
			);
			path = ViewModels;
			sourceTree = "<group>";
		};
		80A7F8272C2CDA1A00EBBD27 /* Model */ = {
			isa = PBXGroup;
			children = (
				80A7F8282C2CDA5F00EBBD27 /* Marca.swift */,
				80A7F82A2C2CDAB200EBBD27 /* Modelo.swift */,
			);
			path = Model;
			sourceTree = "<group>";
		};
		80D10E212C2B7E9700F916EE = {
			isa = PBXGroup;
			children = (
				80D10E2C2C2B7E9700F916EE /* irede-projeto1 */,
				80D10E3D2C2B7E9900F916EE /* irede-projeto1Tests */,
				80D10E472C2B7E9900F916EE /* irede-projeto1UITests */,
				80D10E2B2C2B7E9700F916EE /* Products */,
			);
			sourceTree = "<group>";
		};
		80D10E2B2C2B7E9700F916EE /* Products */ = {
			isa = PBXGroup;
			children = (
				80D10E2A2C2B7E9700F916EE /* irede-projeto1.app */,
				80D10E3A2C2B7E9900F916EE /* irede-projeto1Tests.xctest */,
				80D10E442C2B7E9900F916EE /* irede-projeto1UITests.xctest */,
			);
			name = Products;
			sourceTree = "<group>";
		};
		80D10E2C2C2B7E9700F916EE /* irede-projeto1 */ = {
			isa = PBXGroup;
			children = (
				80A7F8272C2CDA1A00EBBD27 /* Model */,
				80A7F8262C2CDA0D00EBBD27 /* ViewModels */,
				80A7F8252C2CD9EE00EBBD27 /* View */,
				80D10E2D2C2B7E9700F916EE /* irede_projeto1App.swift */,
				80A7F8322C2CE0CD00EBBD27 /* OpenView.swift */,
				80D10E312C2B7E9800F916EE /* Assets.xcassets */,
				80D10E332C2B7E9800F916EE /* Preview Content */,
			);
			path = "irede-projeto1";
			sourceTree = "<group>";
		};
		80D10E332C2B7E9800F916EE /* Preview Content */ = {
			isa = PBXGroup;
			children = (
				80D10E342C2B7E9800F916EE /* Preview Assets.xcassets */,
			);
			path = "Preview Content";
			sourceTree = "<group>";
		};
		80D10E3D2C2B7E9900F916EE /* irede-projeto1Tests */ = {
			isa = PBXGroup;
			children = (
				80D10E3E2C2B7E9900F916EE /* irede_projeto1Tests.swift */,
			);
			path = "irede-projeto1Tests";
			sourceTree = "<group>";
		};
		80D10E472C2B7E9900F916EE /* irede-projeto1UITests */ = {
			isa = PBXGroup;
			children = (
				80D10E482C2B7E9900F916EE /* irede_projeto1UITests.swift */,
				80D10E4A2C2B7E9900F916EE /* irede_projeto1UITestsLaunchTests.swift */,
			);
			path = "irede-projeto1UITests";
			sourceTree = "<group>";
		};
/* End PBXGroup section */

/* Begin PBXNativeTarget section */
		80D10E292C2B7E9700F916EE /* irede-projeto1 */ = {
			isa = PBXNativeTarget;
			buildConfigurationList = 80D10E4E2C2B7E9900F916EE /* Build configuration list for PBXNativeTarget "irede-projeto1" */;
			buildPhases = (
				80D10E262C2B7E9700F916EE /* Sources */,
				80D10E272C2B7E9700F916EE /* Frameworks */,
				80D10E282C2B7E9700F916EE /* Resources */,
			);
			buildRules = (
			);
			dependencies = (
			);
			name = "irede-projeto1";
			productName = "irede-projeto1";
			productReference = 80D10E2A2C2B7E9700F916EE /* irede-projeto1.app */;
			productType = "com.apple.product-type.application";
		};
		80D10E392C2B7E9900F916EE /* irede-projeto1Tests */ = {
			isa = PBXNativeTarget;
			buildConfigurationList = 80D10E512C2B7E9900F916EE /* Build configuration list for PBXNativeTarget "irede-projeto1Tests" */;
			buildPhases = (
				80D10E362C2B7E9900F916EE /* Sources */,
				80D10E372C2B7E9900F916EE /* Frameworks */,
				80D10E382C2B7E9900F916EE /* Resources */,
			);
			buildRules = (
			);
			dependencies = (
				80D10E3C2C2B7E9900F916EE /* PBXTargetDependency */,
			);
			name = "irede-projeto1Tests";
			productName = "irede-projeto1Tests";
			productReference = 80D10E3A2C2B7E9900F916EE /* irede-projeto1Tests.xctest */;
			productType = "com.apple.product-type.bundle.unit-test";
		};
		80D10E432C2B7E9900F916EE /* irede-projeto1UITests */ = {
			isa = PBXNativeTarget;
			buildConfigurationList = 80D10E542C2B7E9900F916EE /* Build configuration list for PBXNativeTarget "irede-projeto1UITests" */;
			buildPhases = (
				80D10E402C2B7E9900F916EE /* Sources */,
				80D10E412C2B7E9900F916EE /* Frameworks */,
				80D10E422C2B7E9900F916EE /* Resources */,
			);
			buildRules = (
			);
			dependencies = (
				80D10E462C2B7E9900F916EE /* PBXTargetDependency */,
			);
			name = "irede-projeto1UITests";
			productName = "irede-projeto1UITests";
			productReference = 80D10E442C2B7E9900F916EE /* irede-projeto1UITests.xctest */;
			productType = "com.apple.product-type.bundle.ui-testing";
		};
/* End PBXNativeTarget section */

/* Begin PBXProject section */
		80D10E222C2B7E9700F916EE /* Project object */ = {
			isa = PBXProject;
			attributes = {
				BuildIndependentTargetsInParallel = 1;
				LastSwiftUpdateCheck = 1540;
				LastUpgradeCheck = 1540;
				TargetAttributes = {
					80D10E292C2B7E9700F916EE = {
						CreatedOnToolsVersion = 15.4;
					};
					80D10E392C2B7E9900F916EE = {
						CreatedOnToolsVersion = 15.4;
						TestTargetID = 80D10E292C2B7E9700F916EE;
					};
					80D10E432C2B7E9900F916EE = {
						CreatedOnToolsVersion = 15.4;
						TestTargetID = 80D10E292C2B7E9700F916EE;
					};
				};
			};
			buildConfigurationList = 80D10E252C2B7E9700F916EE /* Build configuration list for PBXProject "irede-projeto1" */;
			compatibilityVersion = "Xcode 14.0";
			developmentRegion = en;
			hasScannedForEncodings = 0;
			knownRegions = (
				en,
				Base,
			);
			mainGroup = 80D10E212C2B7E9700F916EE;
			productRefGroup = 80D10E2B2C2B7E9700F916EE /* Products */;
			projectDirPath = "";
			projectRoot = "";
			targets = (
				80D10E292C2B7E9700F916EE /* irede-projeto1 */,
				80D10E392C2B7E9900F916EE /* irede-projeto1Tests */,
				80D10E432C2B7E9900F916EE /* irede-projeto1UITests */,
			);
		};
/* End PBXProject section */

/* Begin PBXResourcesBuildPhase section */
		80D10E282C2B7E9700F916EE /* Resources */ = {
			isa = PBXResourcesBuildPhase;
			buildActionMask = 2147483647;
			files = (
				80D10E352C2B7E9800F916EE /* Preview Assets.xcassets in Resources */,
				80D10E322C2B7E9800F916EE /* Assets.xcassets in Resources */,
			);
			runOnlyForDeploymentPostprocessing = 0;
		};
		80D10E382C2B7E9900F916EE /* Resources */ = {
			isa = PBXResourcesBuildPhase;
			buildActionMask = 2147483647;
			files = (
			);
			runOnlyForDeploymentPostprocessing = 0;
		};
		80D10E422C2B7E9900F916EE /* Resources */ = {
			isa = PBXResourcesBuildPhase;
			buildActionMask = 2147483647;
			files = (
			);
			runOnlyForDeploymentPostprocessing = 0;
		};
/* End PBXResourcesBuildPhase section */

/* Begin PBXSourcesBuildPhase section */
		80D10E262C2B7E9700F916EE /* Sources */ = {
			isa = PBXSourcesBuildPhase;
			buildActionMask = 2147483647;
			files = (
				80A7F8332C2CE0CD00EBBD27 /* OpenView.swift in Sources */,
				80A7F8302C2CDC3500EBBD27 /* ModelosViewModel.swift in Sources */,
				80A7F8372C2E0AF000EBBD27 /* ModelosView.swift in Sources */,
				285A4B3F2C3380FB0087706B /* ImageBackgroundView.swift in Sources */,
				80A7F82D2C2CDB0B00EBBD27 /* MarcaViewModel.swift in Sources */,
				80D10E2E2C2B7E9700F916EE /* irede_projeto1App.swift in Sources */,
				285A4B412C38A4160087706B /* ToolbarView.swift in Sources */,
				80A7F8352C2CE1DA00EBBD27 /* MarcasView.swift in Sources */,
				80A7F8292C2CDA5F00EBBD27 /* Marca.swift in Sources */,
				80A7F82B2C2CDAB200EBBD27 /* Modelo.swift in Sources */,
				285A4B432C38B6670087706B /* ButtonLDView.swift in Sources */,
			);
			runOnlyForDeploymentPostprocessing = 0;
		};
		80D10E362C2B7E9900F916EE /* Sources */ = {
			isa = PBXSourcesBuildPhase;
			buildActionMask = 2147483647;
			files = (
				80D10E3F2C2B7E9900F916EE /* irede_projeto1Tests.swift in Sources */,
			);
			runOnlyForDeploymentPostprocessing = 0;
		};
		80D10E402C2B7E9900F916EE /* Sources */ = {
			isa = PBXSourcesBuildPhase;
			buildActionMask = 2147483647;
			files = (
				80D10E4B2C2B7E9900F916EE /* irede_projeto1UITestsLaunchTests.swift in Sources */,
				80D10E492C2B7E9900F916EE /* irede_projeto1UITests.swift in Sources */,
			);
			runOnlyForDeploymentPostprocessing = 0;
		};
/* End PBXSourcesBuildPhase section */

/* Begin PBXTargetDependency section */
		80D10E3C2C2B7E9900F916EE /* PBXTargetDependency */ = {
			isa = PBXTargetDependency;
			target = 80D10E292C2B7E9700F916EE /* irede-projeto1 */;
			targetProxy = 80D10E3B2C2B7E9900F916EE /* PBXContainerItemProxy */;
		};
		80D10E462C2B7E9900F916EE /* PBXTargetDependency */ = {
			isa = PBXTargetDependency;
			target = 80D10E292C2B7E9700F916EE /* irede-projeto1 */;
			targetProxy = 80D10E452C2B7E9900F916EE /* PBXContainerItemProxy */;
		};
/* End PBXTargetDependency section */

/* Begin XCBuildConfiguration section */
		80D10E4C2C2B7E9900F916EE /* Debug */ = {
			isa = XCBuildConfiguration;
			buildSettings = {
				ALWAYS_SEARCH_USER_PATHS = NO;
				ASSETCATALOG_COMPILER_GENERATE_SWIFT_ASSET_SYMBOL_EXTENSIONS = YES;
				CLANG_ANALYZER_NONNULL = YES;
				CLANG_ANALYZER_NUMBER_OBJECT_CONVERSION = YES_AGGRESSIVE;
				CLANG_CXX_LANGUAGE_STANDARD = "gnu++20";
				CLANG_ENABLE_MODULES = YES;
				CLANG_ENABLE_OBJC_ARC = YES;
				CLANG_ENABLE_OBJC_WEAK = YES;
				CLANG_WARN_BLOCK_CAPTURE_AUTORELEASING = YES;
				CLANG_WARN_BOOL_CONVERSION = YES;
				CLANG_WARN_COMMA = YES;
				CLANG_WARN_CONSTANT_CONVERSION = YES;
				CLANG_WARN_DEPRECATED_OBJC_IMPLEMENTATIONS = YES;
				CLANG_WARN_DIRECT_OBJC_ISA_USAGE = YES_ERROR;
				CLANG_WARN_DOCUMENTATION_COMMENTS = YES;
				CLANG_WARN_EMPTY_BODY = YES;
				CLANG_WARN_ENUM_CONVERSION = YES;
				CLANG_WARN_INFINITE_RECURSION = YES;
				CLANG_WARN_INT_CONVERSION = YES;
				CLANG_WARN_NON_LITERAL_NULL_CONVERSION = YES;
				CLANG_WARN_OBJC_IMPLICIT_RETAIN_SELF = YES;
				CLANG_WARN_OBJC_LITERAL_CONVERSION = YES;
				CLANG_WARN_OBJC_ROOT_CLASS = YES_ERROR;
				CLANG_WARN_QUOTED_INCLUDE_IN_FRAMEWORK_HEADER = YES;
				CLANG_WARN_RANGE_LOOP_ANALYSIS = YES;
				CLANG_WARN_STRICT_PROTOTYPES = YES;
				CLANG_WARN_SUSPICIOUS_MOVE = YES;
				CLANG_WARN_UNGUARDED_AVAILABILITY = YES_AGGRESSIVE;
				CLANG_WARN_UNREACHABLE_CODE = YES;
				CLANG_WARN__DUPLICATE_METHOD_MATCH = YES;
				COPY_PHASE_STRIP = NO;
				DEBUG_INFORMATION_FORMAT = dwarf;
				ENABLE_STRICT_OBJC_MSGSEND = YES;
				ENABLE_TESTABILITY = YES;
				ENABLE_USER_SCRIPT_SANDBOXING = YES;
				GCC_C_LANGUAGE_STANDARD = gnu17;
				GCC_DYNAMIC_NO_PIC = NO;
				GCC_NO_COMMON_BLOCKS = YES;
				GCC_OPTIMIZATION_LEVEL = 0;
				GCC_PREPROCESSOR_DEFINITIONS = (
					"DEBUG=1",
					"$(inherited)",
				);
				GCC_WARN_64_TO_32_BIT_CONVERSION = YES;
				GCC_WARN_ABOUT_RETURN_TYPE = YES_ERROR;
				GCC_WARN_UNDECLARED_SELECTOR = YES;
				GCC_WARN_UNINITIALIZED_AUTOS = YES_AGGRESSIVE;
				GCC_WARN_UNUSED_FUNCTION = YES;
				GCC_WARN_UNUSED_VARIABLE = YES;
				IPHONEOS_DEPLOYMENT_TARGET = 17.5;
				LOCALIZATION_PREFERS_STRING_CATALOGS = YES;
				MTL_ENABLE_DEBUG_INFO = INCLUDE_SOURCE;
				MTL_FAST_MATH = YES;
				ONLY_ACTIVE_ARCH = YES;
				SDKROOT = iphoneos;
				SWIFT_ACTIVE_COMPILATION_CONDITIONS = "DEBUG $(inherited)";
				SWIFT_OPTIMIZATION_LEVEL = "-Onone";
			};
			name = Debug;
		};
		80D10E4D2C2B7E9900F916EE /* Release */ = {
			isa = XCBuildConfiguration;
			buildSettings = {
				ALWAYS_SEARCH_USER_PATHS = NO;
				ASSETCATALOG_COMPILER_GENERATE_SWIFT_ASSET_SYMBOL_EXTENSIONS = YES;
				CLANG_ANALYZER_NONNULL = YES;
				CLANG_ANALYZER_NUMBER_OBJECT_CONVERSION = YES_AGGRESSIVE;
				CLANG_CXX_LANGUAGE_STANDARD = "gnu++20";
				CLANG_ENABLE_MODULES = YES;
				CLANG_ENABLE_OBJC_ARC = YES;
				CLANG_ENABLE_OBJC_WEAK = YES;
				CLANG_WARN_BLOCK_CAPTURE_AUTORELEASING = YES;
				CLANG_WARN_BOOL_CONVERSION = YES;
				CLANG_WARN_COMMA = YES;
				CLANG_WARN_CONSTANT_CONVERSION = YES;
				CLANG_WARN_DEPRECATED_OBJC_IMPLEMENTATIONS = YES;
				CLANG_WARN_DIRECT_OBJC_ISA_USAGE = YES_ERROR;
				CLANG_WARN_DOCUMENTATION_COMMENTS = YES;
				CLANG_WARN_EMPTY_BODY = YES;
				CLANG_WARN_ENUM_CONVERSION = YES;
				CLANG_WARN_INFINITE_RECURSION = YES;
				CLANG_WARN_INT_CONVERSION = YES;
				CLANG_WARN_NON_LITERAL_NULL_CONVERSION = YES;
				CLANG_WARN_OBJC_IMPLICIT_RETAIN_SELF = YES;
				CLANG_WARN_OBJC_LITERAL_CONVERSION = YES;
				CLANG_WARN_OBJC_ROOT_CLASS = YES_ERROR;
				CLANG_WARN_QUOTED_INCLUDE_IN_FRAMEWORK_HEADER = YES;
				CLANG_WARN_RANGE_LOOP_ANALYSIS = YES;
				CLANG_WARN_STRICT_PROTOTYPES = YES;
				CLANG_WARN_SUSPICIOUS_MOVE = YES;
				CLANG_WARN_UNGUARDED_AVAILABILITY = YES_AGGRESSIVE;
				CLANG_WARN_UNREACHABLE_CODE = YES;
				CLANG_WARN__DUPLICATE_METHOD_MATCH = YES;
				COPY_PHASE_STRIP = NO;
				DEBUG_INFORMATION_FORMAT = "dwarf-with-dsym";
				ENABLE_NS_ASSERTIONS = NO;
				ENABLE_STRICT_OBJC_MSGSEND = YES;
				ENABLE_USER_SCRIPT_SANDBOXING = YES;
				GCC_C_LANGUAGE_STANDARD = gnu17;
				GCC_NO_COMMON_BLOCKS = YES;
				GCC_WARN_64_TO_32_BIT_CONVERSION = YES;
				GCC_WARN_ABOUT_RETURN_TYPE = YES_ERROR;
				GCC_WARN_UNDECLARED_SELECTOR = YES;
				GCC_WARN_UNINITIALIZED_AUTOS = YES_AGGRESSIVE;
				GCC_WARN_UNUSED_FUNCTION = YES;
				GCC_WARN_UNUSED_VARIABLE = YES;
				IPHONEOS_DEPLOYMENT_TARGET = 17.5;
				LOCALIZATION_PREFERS_STRING_CATALOGS = YES;
				MTL_ENABLE_DEBUG_INFO = NO;
				MTL_FAST_MATH = YES;
				SDKROOT = iphoneos;
				SWIFT_COMPILATION_MODE = wholemodule;
				VALIDATE_PRODUCT = YES;
			};
			name = Release;
		};
		80D10E4F2C2B7E9900F916EE /* Debug */ = {
			isa = XCBuildConfiguration;
			buildSettings = {
				ASSETCATALOG_COMPILER_APPICON_NAME = AppIcon;
				ASSETCATALOG_COMPILER_GLOBAL_ACCENT_COLOR_NAME = AccentColor;
				CODE_SIGN_STYLE = Automatic;
				CURRENT_PROJECT_VERSION = 1;
				DEVELOPMENT_ASSET_PATHS = "\"irede-projeto1/Preview Content\"";
				ENABLE_PREVIEWS = YES;
				GENERATE_INFOPLIST_FILE = YES;
				INFOPLIST_KEY_UIApplicationSceneManifest_Generation = YES;
				INFOPLIST_KEY_UIApplicationSupportsIndirectInputEvents = YES;
				INFOPLIST_KEY_UILaunchScreen_Generation = YES;
				INFOPLIST_KEY_UISupportedInterfaceOrientations_iPad = "UIInterfaceOrientationPortrait UIInterfaceOrientationPortraitUpsideDown UIInterfaceOrientationLandscapeLeft UIInterfaceOrientationLandscapeRight";
				INFOPLIST_KEY_UISupportedInterfaceOrientations_iPhone = "UIInterfaceOrientationPortrait UIInterfaceOrientationLandscapeLeft UIInterfaceOrientationLandscapeRight";
				LD_RUNPATH_SEARCH_PATHS = (
					"$(inherited)",
					"@executable_path/Frameworks",
				);
				MARKETING_VERSION = 1.0;
				PRODUCT_BUNDLE_IDENTIFIER = "irede.irede-projeto1";
				PRODUCT_NAME = "$(TARGET_NAME)";
				SWIFT_EMIT_LOC_STRINGS = YES;
				SWIFT_VERSION = 5.0;
				TARGETED_DEVICE_FAMILY = "1,2";
			};
			name = Debug;
		};
		80D10E502C2B7E9900F916EE /* Release */ = {
			isa = XCBuildConfiguration;
			buildSettings = {
				ASSETCATALOG_COMPILER_APPICON_NAME = AppIcon;
				ASSETCATALOG_COMPILER_GLOBAL_ACCENT_COLOR_NAME = AccentColor;
				CODE_SIGN_STYLE = Automatic;
				CURRENT_PROJECT_VERSION = 1;
				DEVELOPMENT_ASSET_PATHS = "\"irede-projeto1/Preview Content\"";
				ENABLE_PREVIEWS = YES;
				GENERATE_INFOPLIST_FILE = YES;
				INFOPLIST_KEY_UIApplicationSceneManifest_Generation = YES;
				INFOPLIST_KEY_UIApplicationSupportsIndirectInputEvents = YES;
				INFOPLIST_KEY_UILaunchScreen_Generation = YES;
				INFOPLIST_KEY_UISupportedInterfaceOrientations_iPad = "UIInterfaceOrientationPortrait UIInterfaceOrientationPortraitUpsideDown UIInterfaceOrientationLandscapeLeft UIInterfaceOrientationLandscapeRight";
				INFOPLIST_KEY_UISupportedInterfaceOrientations_iPhone = "UIInterfaceOrientationPortrait UIInterfaceOrientationLandscapeLeft UIInterfaceOrientationLandscapeRight";
				LD_RUNPATH_SEARCH_PATHS = (
					"$(inherited)",
					"@executable_path/Frameworks",
				);
				MARKETING_VERSION = 1.0;
				PRODUCT_BUNDLE_IDENTIFIER = "irede.irede-projeto1";
				PRODUCT_NAME = "$(TARGET_NAME)";
				SWIFT_EMIT_LOC_STRINGS = YES;
				SWIFT_VERSION = 5.0;
				TARGETED_DEVICE_FAMILY = "1,2";
			};
			name = Release;
		};
		80D10E522C2B7E9900F916EE /* Debug */ = {
			isa = XCBuildConfiguration;
			buildSettings = {
				ALWAYS_EMBED_SWIFT_STANDARD_LIBRARIES = YES;
				BUNDLE_LOADER = "$(TEST_HOST)";
				CODE_SIGN_STYLE = Automatic;
				CURRENT_PROJECT_VERSION = 1;
				GENERATE_INFOPLIST_FILE = YES;
				IPHONEOS_DEPLOYMENT_TARGET = 17.5;
				MARKETING_VERSION = 1.0;
				PRODUCT_BUNDLE_IDENTIFIER = "irede.irede-projeto1Tests";
				PRODUCT_NAME = "$(TARGET_NAME)";
				SWIFT_EMIT_LOC_STRINGS = NO;
				SWIFT_VERSION = 5.0;
				TARGETED_DEVICE_FAMILY = "1,2";
				TEST_HOST = "$(BUILT_PRODUCTS_DIR)/irede-projeto1.app/$(BUNDLE_EXECUTABLE_FOLDER_PATH)/irede-projeto1";
			};
			name = Debug;
		};
		80D10E532C2B7E9900F916EE /* Release */ = {
			isa = XCBuildConfiguration;
			buildSettings = {
				ALWAYS_EMBED_SWIFT_STANDARD_LIBRARIES = YES;
				BUNDLE_LOADER = "$(TEST_HOST)";
				CODE_SIGN_STYLE = Automatic;
				CURRENT_PROJECT_VERSION = 1;
				GENERATE_INFOPLIST_FILE = YES;
				IPHONEOS_DEPLOYMENT_TARGET = 17.5;
				MARKETING_VERSION = 1.0;
				PRODUCT_BUNDLE_IDENTIFIER = "irede.irede-projeto1Tests";
				PRODUCT_NAME = "$(TARGET_NAME)";
				SWIFT_EMIT_LOC_STRINGS = NO;
				SWIFT_VERSION = 5.0;
				TARGETED_DEVICE_FAMILY = "1,2";
				TEST_HOST = "$(BUILT_PRODUCTS_DIR)/irede-projeto1.app/$(BUNDLE_EXECUTABLE_FOLDER_PATH)/irede-projeto1";
			};
			name = Release;
		};
		80D10E552C2B7E9900F916EE /* Debug */ = {
			isa = XCBuildConfiguration;
			buildSettings = {
				ALWAYS_EMBED_SWIFT_STANDARD_LIBRARIES = YES;
				CODE_SIGN_STYLE = Automatic;
				CURRENT_PROJECT_VERSION = 1;
				GENERATE_INFOPLIST_FILE = YES;
				MARKETING_VERSION = 1.0;
				PRODUCT_BUNDLE_IDENTIFIER = "irede.irede-projeto1UITests";
				PRODUCT_NAME = "$(TARGET_NAME)";
				SWIFT_EMIT_LOC_STRINGS = NO;
				SWIFT_VERSION = 5.0;
				TARGETED_DEVICE_FAMILY = "1,2";
				TEST_TARGET_NAME = "irede-projeto1";
			};
			name = Debug;
		};
		80D10E562C2B7E9900F916EE /* Release */ = {
			isa = XCBuildConfiguration;
			buildSettings = {
				ALWAYS_EMBED_SWIFT_STANDARD_LIBRARIES = YES;
				CODE_SIGN_STYLE = Automatic;
				CURRENT_PROJECT_VERSION = 1;
				GENERATE_INFOPLIST_FILE = YES;
				MARKETING_VERSION = 1.0;
				PRODUCT_BUNDLE_IDENTIFIER = "irede.irede-projeto1UITests";
				PRODUCT_NAME = "$(TARGET_NAME)";
				SWIFT_EMIT_LOC_STRINGS = NO;
				SWIFT_VERSION = 5.0;
				TARGETED_DEVICE_FAMILY = "1,2";
				TEST_TARGET_NAME = "irede-projeto1";
			};
			name = Release;
		};
/* End XCBuildConfiguration section */

/* Begin XCConfigurationList section */
		80D10E252C2B7E9700F916EE /* Build configuration list for PBXProject "irede-projeto1" */ = {
			isa = XCConfigurationList;
			buildConfigurations = (
				80D10E4C2C2B7E9900F916EE /* Debug */,
				80D10E4D2C2B7E9900F916EE /* Release */,
			);
			defaultConfigurationIsVisible = 0;
			defaultConfigurationName = Release;
		};
		80D10E4E2C2B7E9900F916EE /* Build configuration list for PBXNativeTarget "irede-projeto1" */ = {
			isa = XCConfigurationList;
			buildConfigurations = (
				80D10E4F2C2B7E9900F916EE /* Debug */,
				80D10E502C2B7E9900F916EE /* Release */,
			);
			defaultConfigurationIsVisible = 0;
			defaultConfigurationName = Release;
		};
		80D10E512C2B7E9900F916EE /* Build configuration list for PBXNativeTarget "irede-projeto1Tests" */ = {
			isa = XCConfigurationList;
			buildConfigurations = (
				80D10E522C2B7E9900F916EE /* Debug */,
				80D10E532C2B7E9900F916EE /* Release */,
			);
			defaultConfigurationIsVisible = 0;
			defaultConfigurationName = Release;
		};
		80D10E542C2B7E9900F916EE /* Build configuration list for PBXNativeTarget "irede-projeto1UITests" */ = {
			isa = XCConfigurationList;
			buildConfigurations = (
				80D10E552C2B7E9900F916EE /* Debug */,
				80D10E562C2B7E9900F916EE /* Release */,
			);
			defaultConfigurationIsVisible = 0;
			defaultConfigurationName = Release;
		};
/* End XCConfigurationList section */
	};
	rootObject = 80D10E222C2B7E9700F916EE /* Project object */;
}
